// !$*UTF8*$!
{
	archiveVersion = 1;
	classes = {
	};
	objectVersion = 55;
	objects = {

/* Begin PBXBuildFile section */
		9EB2263D198AD750A5BEA23A /* Pods_MySchedule.framework in Frameworks */ = {isa = PBXBuildFile; fileRef = 04084B67CC49D2E31E3EA12B /* Pods_MySchedule.framework */; };
		EA38057228679A6E0074406E /* ScheduleTableViewCell.swift in Sources */ = {isa = PBXBuildFile; fileRef = EA38057128679A6E0074406E /* ScheduleTableViewCell.swift */; };
		EA3805762867B57D0074406E /* UIStackView.swift in Sources */ = {isa = PBXBuildFile; fileRef = EA3805752867B57D0074406E /* UIStackView.swift */; };
		EA3805782867BFBC0074406E /* UILabel.swift in Sources */ = {isa = PBXBuildFile; fileRef = EA3805772867BFBC0074406E /* UILabel.swift */; };
		EA38057A2867C43F0074406E /* UIFont.swift in Sources */ = {isa = PBXBuildFile; fileRef = EA3805792867C43F0074406E /* UIFont.swift */; };
		EAEDE33C286315B10009C60B /* AppDelegate.swift in Sources */ = {isa = PBXBuildFile; fileRef = EAEDE33B286315B10009C60B /* AppDelegate.swift */; };
		EAEDE33E286315B10009C60B /* SceneDelegate.swift in Sources */ = {isa = PBXBuildFile; fileRef = EAEDE33D286315B10009C60B /* SceneDelegate.swift */; };
		EAEDE340286315B10009C60B /* TabBarViewController.swift in Sources */ = {isa = PBXBuildFile; fileRef = EAEDE33F286315B10009C60B /* TabBarViewController.swift */; };
		EAEDE345286315B20009C60B /* Assets.xcassets in Resources */ = {isa = PBXBuildFile; fileRef = EAEDE344286315B20009C60B /* Assets.xcassets */; };
		EAEDE348286315B20009C60B /* LaunchScreen.storyboard in Resources */ = {isa = PBXBuildFile; fileRef = EAEDE346286315B20009C60B /* LaunchScreen.storyboard */; };
		EAEDE35328631CF10009C60B /* ScheduleViewController.swift in Sources */ = {isa = PBXBuildFile; fileRef = EAEDE35228631CF10009C60B /* ScheduleViewController.swift */; };
		EAEDE35528631D020009C60B /* ContactsViewController.swift in Sources */ = {isa = PBXBuildFile; fileRef = EAEDE35428631D020009C60B /* ContactsViewController.swift */; };
		EAEDE35728631D180009C60B /* TasksViewController.swift in Sources */ = {isa = PBXBuildFile; fileRef = EAEDE35628631D180009C60B /* TasksViewController.swift */; };
/* End PBXBuildFile section */

/* Begin PBXFileReference section */
		04084B67CC49D2E31E3EA12B /* Pods_MySchedule.framework */ = {isa = PBXFileReference; explicitFileType = wrapper.framework; includeInIndex = 0; path = Pods_MySchedule.framework; sourceTree = BUILT_PRODUCTS_DIR; };
		07608BC68663E752B47BEC48 /* Pods-MySchedule.release.xcconfig */ = {isa = PBXFileReference; includeInIndex = 1; lastKnownFileType = text.xcconfig; name = "Pods-MySchedule.release.xcconfig"; path = "Target Support Files/Pods-MySchedule/Pods-MySchedule.release.xcconfig"; sourceTree = "<group>"; };
		B7D0A776E8654A0F81955820 /* Pods-MySchedule.debug.xcconfig */ = {isa = PBXFileReference; includeInIndex = 1; lastKnownFileType = text.xcconfig; name = "Pods-MySchedule.debug.xcconfig"; path = "Target Support Files/Pods-MySchedule/Pods-MySchedule.debug.xcconfig"; sourceTree = "<group>"; };
		EA38057128679A6E0074406E /* ScheduleTableViewCell.swift */ = {isa = PBXFileReference; lastKnownFileType = sourcecode.swift; path = ScheduleTableViewCell.swift; sourceTree = "<group>"; };
		EA3805752867B57D0074406E /* UIStackView.swift */ = {isa = PBXFileReference; lastKnownFileType = sourcecode.swift; path = UIStackView.swift; sourceTree = "<group>"; };
		EA3805772867BFBC0074406E /* UILabel.swift */ = {isa = PBXFileReference; lastKnownFileType = sourcecode.swift; path = UILabel.swift; sourceTree = "<group>"; };
		EA3805792867C43F0074406E /* UIFont.swift */ = {isa = PBXFileReference; lastKnownFileType = sourcecode.swift; path = UIFont.swift; sourceTree = "<group>"; };
		EAEDE338286315B10009C60B /* MySchedule.app */ = {isa = PBXFileReference; explicitFileType = wrapper.application; includeInIndex = 0; path = MySchedule.app; sourceTree = BUILT_PRODUCTS_DIR; };
		EAEDE33B286315B10009C60B /* AppDelegate.swift */ = {isa = PBXFileReference; lastKnownFileType = sourcecode.swift; path = AppDelegate.swift; sourceTree = "<group>"; };
		EAEDE33D286315B10009C60B /* SceneDelegate.swift */ = {isa = PBXFileReference; lastKnownFileType = sourcecode.swift; path = SceneDelegate.swift; sourceTree = "<group>"; };
		EAEDE33F286315B10009C60B /* TabBarViewController.swift */ = {isa = PBXFileReference; lastKnownFileType = sourcecode.swift; path = TabBarViewController.swift; sourceTree = "<group>"; };
		EAEDE344286315B20009C60B /* Assets.xcassets */ = {isa = PBXFileReference; lastKnownFileType = folder.assetcatalog; path = Assets.xcassets; sourceTree = "<group>"; };
		EAEDE347286315B20009C60B /* Base */ = {isa = PBXFileReference; lastKnownFileType = file.storyboard; name = Base; path = Base.lproj/LaunchScreen.storyboard; sourceTree = "<group>"; };
		EAEDE349286315B20009C60B /* Info.plist */ = {isa = PBXFileReference; lastKnownFileType = text.plist.xml; path = Info.plist; sourceTree = "<group>"; };
		EAEDE35228631CF10009C60B /* ScheduleViewController.swift */ = {isa = PBXFileReference; lastKnownFileType = sourcecode.swift; path = ScheduleViewController.swift; sourceTree = "<group>"; };
		EAEDE35428631D020009C60B /* ContactsViewController.swift */ = {isa = PBXFileReference; lastKnownFileType = sourcecode.swift; path = ContactsViewController.swift; sourceTree = "<group>"; };
		EAEDE35628631D180009C60B /* TasksViewController.swift */ = {isa = PBXFileReference; lastKnownFileType = sourcecode.swift; path = TasksViewController.swift; sourceTree = "<group>"; };
/* End PBXFileReference section */

/* Begin PBXFrameworksBuildPhase section */
		EAEDE335286315B10009C60B /* Frameworks */ = {
			isa = PBXFrameworksBuildPhase;
			buildActionMask = 2147483647;
			files = (
				9EB2263D198AD750A5BEA23A /* Pods_MySchedule.framework in Frameworks */,
			);
			runOnlyForDeploymentPostprocessing = 0;
		};
/* End PBXFrameworksBuildPhase section */

/* Begin PBXGroup section */
		459CCD7A9722F0F3860F7EF3 /* Pods */ = {
			isa = PBXGroup;
			children = (
				B7D0A776E8654A0F81955820 /* Pods-MySchedule.debug.xcconfig */,
				07608BC68663E752B47BEC48 /* Pods-MySchedule.release.xcconfig */,
			);
			path = Pods;
			sourceTree = "<group>";
		};
		4FA2ED36C0C2FD77405C4926 /* Frameworks */ = {
			isa = PBXGroup;
			children = (
				04084B67CC49D2E31E3EA12B /* Pods_MySchedule.framework */,
			);
			name = Frameworks;
			sourceTree = "<group>";
		};
		EA38056D286799650074406E /* Model */ = {
			isa = PBXGroup;
			children = (
				EA38056E2867996E0074406E /* Cell */,
			);
			path = Model;
			sourceTree = "<group>";
		};
		EA38056E2867996E0074406E /* Cell */ = {
			isa = PBXGroup;
			children = (
				EA38057128679A6E0074406E /* ScheduleTableViewCell.swift */,
			);
			path = Cell;
			sourceTree = "<group>";
		};
		EA3805732867B5480074406E /* Extensions */ = {
			isa = PBXGroup;
			children = (
				EA3805742867B5630074406E /* UIKit */,
			);
			path = Extensions;
			sourceTree = "<group>";
		};
		EA3805742867B5630074406E /* UIKit */ = {
			isa = PBXGroup;
			children = (
				EA3805752867B57D0074406E /* UIStackView.swift */,
				EA3805772867BFBC0074406E /* UILabel.swift */,
				EA3805792867C43F0074406E /* UIFont.swift */,
			);
			path = UIKit;
			sourceTree = "<group>";
		};
		EAEDE32F286315B10009C60B = {
			isa = PBXGroup;
			children = (
				EAEDE33A286315B10009C60B /* MySchedule */,
				EAEDE339286315B10009C60B /* Products */,
				459CCD7A9722F0F3860F7EF3 /* Pods */,
				4FA2ED36C0C2FD77405C4926 /* Frameworks */,
			);
			sourceTree = "<group>";
		};
		EAEDE339286315B10009C60B /* Products */ = {
			isa = PBXGroup;
			children = (
				EAEDE338286315B10009C60B /* MySchedule.app */,
			);
			name = Products;
			sourceTree = "<group>";
		};
		EAEDE33A286315B10009C60B /* MySchedule */ = {
			isa = PBXGroup;
			children = (
				EA3805732867B5480074406E /* Extensions */,
				EAEDE35128631CA70009C60B /* Application */,
				EAEDE34F28631C8C0009C60B /* Controllers */,
				EA38056D286799650074406E /* Model */,
				EAEDE35028631C990009C60B /* Resources */,
			);
			path = MySchedule;
			sourceTree = "<group>";
		};
		EAEDE34F28631C8C0009C60B /* Controllers */ = {
			isa = PBXGroup;
			children = (
				EAEDE33F286315B10009C60B /* TabBarViewController.swift */,
				EAEDE35228631CF10009C60B /* ScheduleViewController.swift */,
				EAEDE35628631D180009C60B /* TasksViewController.swift */,
				EAEDE35428631D020009C60B /* ContactsViewController.swift */,
			);
			path = Controllers;
			sourceTree = "<group>";
		};
		EAEDE35028631C990009C60B /* Resources */ = {
			isa = PBXGroup;
			children = (
				EAEDE344286315B20009C60B /* Assets.xcassets */,
				EAEDE346286315B20009C60B /* LaunchScreen.storyboard */,
				EAEDE349286315B20009C60B /* Info.plist */,
			);
			path = Resources;
			sourceTree = "<group>";
		};
		EAEDE35128631CA70009C60B /* Application */ = {
			isa = PBXGroup;
			children = (
				EAEDE33B286315B10009C60B /* AppDelegate.swift */,
				EAEDE33D286315B10009C60B /* SceneDelegate.swift */,
			);
			path = Application;
			sourceTree = "<group>";
		};
/* End PBXGroup section */

/* Begin PBXNativeTarget section */
		EAEDE337286315B10009C60B /* MySchedule */ = {
			isa = PBXNativeTarget;
			buildConfigurationList = EAEDE34C286315B20009C60B /* Build configuration list for PBXNativeTarget "MySchedule" */;
			buildPhases = (
				7A3E97825B7297FF13FC5C70 /* [CP] Check Pods Manifest.lock */,
				EAEDE334286315B10009C60B /* Sources */,
				EAEDE335286315B10009C60B /* Frameworks */,
				EAEDE336286315B10009C60B /* Resources */,
				188DB5521D10A88403B07B21 /* [CP] Embed Pods Frameworks */,
			);
			buildRules = (
			);
			dependencies = (
			);
			name = MySchedule;
			productName = MySchedule;
			productReference = EAEDE338286315B10009C60B /* MySchedule.app */;
			productType = "com.apple.product-type.application";
		};
/* End PBXNativeTarget section */

/* Begin PBXProject section */
		EAEDE330286315B10009C60B /* Project object */ = {
			isa = PBXProject;
			attributes = {
				BuildIndependentTargetsInParallel = 1;
				LastSwiftUpdateCheck = 1340;
				LastUpgradeCheck = 1340;
				TargetAttributes = {
					EAEDE337286315B10009C60B = {
						CreatedOnToolsVersion = 13.4;
					};
				};
			};
			buildConfigurationList = EAEDE333286315B10009C60B /* Build configuration list for PBXProject "MySchedule" */;
			compatibilityVersion = "Xcode 13.0";
			developmentRegion = en;
			hasScannedForEncodings = 0;
			knownRegions = (
				en,
				Base,
			);
			mainGroup = EAEDE32F286315B10009C60B;
			productRefGroup = EAEDE339286315B10009C60B /* Products */;
			projectDirPath = "";
			projectRoot = "";
			targets = (
				EAEDE337286315B10009C60B /* MySchedule */,
			);
		};
/* End PBXProject section */

/* Begin PBXResourcesBuildPhase section */
		EAEDE336286315B10009C60B /* Resources */ = {
			isa = PBXResourcesBuildPhase;
			buildActionMask = 2147483647;
			files = (
				EAEDE348286315B20009C60B /* LaunchScreen.storyboard in Resources */,
				EAEDE345286315B20009C60B /* Assets.xcassets in Resources */,
			);
			runOnlyForDeploymentPostprocessing = 0;
		};
/* End PBXResourcesBuildPhase section */

/* Begin PBXShellScriptBuildPhase section */
		188DB5521D10A88403B07B21 /* [CP] Embed Pods Frameworks */ = {
			isa = PBXShellScriptBuildPhase;
			buildActionMask = 2147483647;
			files = (
			);
			inputFileListPaths = (
				"${PODS_ROOT}/Target Support Files/Pods-MySchedule/Pods-MySchedule-frameworks-${CONFIGURATION}-input-files.xcfilelist",
			);
			name = "[CP] Embed Pods Frameworks";
			outputFileListPaths = (
				"${PODS_ROOT}/Target Support Files/Pods-MySchedule/Pods-MySchedule-frameworks-${CONFIGURATION}-output-files.xcfilelist",
			);
			runOnlyForDeploymentPostprocessing = 0;
			shellPath = /bin/sh;
			shellScript = "\"${PODS_ROOT}/Target Support Files/Pods-MySchedule/Pods-MySchedule-frameworks.sh\"\n";
			showEnvVarsInLog = 0;
		};
		7A3E97825B7297FF13FC5C70 /* [CP] Check Pods Manifest.lock */ = {
			isa = PBXShellScriptBuildPhase;
			buildActionMask = 2147483647;
			files = (
			);
			inputFileListPaths = (
			);
			inputPaths = (
				"${PODS_PODFILE_DIR_PATH}/Podfile.lock",
				"${PODS_ROOT}/Manifest.lock",
			);
			name = "[CP] Check Pods Manifest.lock";
			outputFileListPaths = (
			);
			outputPaths = (
				"$(DERIVED_FILE_DIR)/Pods-MySchedule-checkManifestLockResult.txt",
			);
			runOnlyForDeploymentPostprocessing = 0;
			shellPath = /bin/sh;
			shellScript = "diff \"${PODS_PODFILE_DIR_PATH}/Podfile.lock\" \"${PODS_ROOT}/Manifest.lock\" > /dev/null\nif [ $? != 0 ] ; then\n    # print error to STDERR\n    echo \"error: The sandbox is not in sync with the Podfile.lock. Run 'pod install' or update your CocoaPods installation.\" >&2\n    exit 1\nfi\n# This output is used by Xcode 'outputs' to avoid re-running this script phase.\necho \"SUCCESS\" > \"${SCRIPT_OUTPUT_FILE_0}\"\n";
			showEnvVarsInLog = 0;
		};
/* End PBXShellScriptBuildPhase section */

/* Begin PBXSourcesBuildPhase section */
		EAEDE334286315B10009C60B /* Sources */ = {
			isa = PBXSourcesBuildPhase;
			buildActionMask = 2147483647;
			files = (
				EAEDE340286315B10009C60B /* TabBarViewController.swift in Sources */,
				EA38057228679A6E0074406E /* ScheduleTableViewCell.swift in Sources */,
				EAEDE33C286315B10009C60B /* AppDelegate.swift in Sources */,
				EA3805762867B57D0074406E /* UIStackView.swift in Sources */,
				EA3805782867BFBC0074406E /* UILabel.swift in Sources */,
				EAEDE35328631CF10009C60B /* ScheduleViewController.swift in Sources */,
				EAEDE33E286315B10009C60B /* SceneDelegate.swift in Sources */,
				EAEDE35528631D020009C60B /* ContactsViewController.swift in Sources */,
				EA38057A2867C43F0074406E /* UIFont.swift in Sources */,
				EAEDE35728631D180009C60B /* TasksViewController.swift in Sources */,
			);
			runOnlyForDeploymentPostprocessing = 0;
		};
/* End PBXSourcesBuildPhase section */

/* Begin PBXVariantGroup section */
		EAEDE346286315B20009C60B /* LaunchScreen.storyboard */ = {
			isa = PBXVariantGroup;
			children = (
				EAEDE347286315B20009C60B /* Base */,
			);
			name = LaunchScreen.storyboard;
			sourceTree = "<group>";
		};
/* End PBXVariantGroup section */

/* Begin XCBuildConfiguration section */
		EAEDE34A286315B20009C60B /* Debug */ = {
			isa = XCBuildConfiguration;
			buildSettings = {
				ALWAYS_SEARCH_USER_PATHS = NO;
				CLANG_ANALYZER_NONNULL = YES;
				CLANG_ANALYZER_NUMBER_OBJECT_CONVERSION = YES_AGGRESSIVE;
				CLANG_CXX_LANGUAGE_STANDARD = "gnu++17";
				CLANG_ENABLE_MODULES = YES;
				CLANG_ENABLE_OBJC_ARC = YES;
				CLANG_ENABLE_OBJC_WEAK = YES;
				CLANG_WARN_BLOCK_CAPTURE_AUTORELEASING = YES;
				CLANG_WARN_BOOL_CONVERSION = YES;
				CLANG_WARN_COMMA = YES;
				CLANG_WARN_CONSTANT_CONVERSION = YES;
				CLANG_WARN_DEPRECATED_OBJC_IMPLEMENTATIONS = YES;
				CLANG_WARN_DIRECT_OBJC_ISA_USAGE = YES_ERROR;
				CLANG_WARN_DOCUMENTATION_COMMENTS = YES;
				CLANG_WARN_EMPTY_BODY = YES;
				CLANG_WARN_ENUM_CONVERSION = YES;
				CLANG_WARN_INFINITE_RECURSION = YES;
				CLANG_WARN_INT_CONVERSION = YES;
				CLANG_WARN_NON_LITERAL_NULL_CONVERSION = YES;
				CLANG_WARN_OBJC_IMPLICIT_RETAIN_SELF = YES;
				CLANG_WARN_OBJC_LITERAL_CONVERSION = YES;
				CLANG_WARN_OBJC_ROOT_CLASS = YES_ERROR;
				CLANG_WARN_QUOTED_INCLUDE_IN_FRAMEWORK_HEADER = YES;
				CLANG_WARN_RANGE_LOOP_ANALYSIS = YES;
				CLANG_WARN_STRICT_PROTOTYPES = YES;
				CLANG_WARN_SUSPICIOUS_MOVE = YES;
				CLANG_WARN_UNGUARDED_AVAILABILITY = YES_AGGRESSIVE;
				CLANG_WARN_UNREACHABLE_CODE = YES;
				CLANG_WARN__DUPLICATE_METHOD_MATCH = YES;
				COPY_PHASE_STRIP = NO;
				DEBUG_INFORMATION_FORMAT = dwarf;
				ENABLE_STRICT_OBJC_MSGSEND = YES;
				ENABLE_TESTABILITY = YES;
				GCC_C_LANGUAGE_STANDARD = gnu11;
				GCC_DYNAMIC_NO_PIC = NO;
				GCC_NO_COMMON_BLOCKS = YES;
				GCC_OPTIMIZATION_LEVEL = 0;
				GCC_PREPROCESSOR_DEFINITIONS = (
					"DEBUG=1",
					"$(inherited)",
				);
				GCC_WARN_64_TO_32_BIT_CONVERSION = YES;
				GCC_WARN_ABOUT_RETURN_TYPE = YES_ERROR;
				GCC_WARN_UNDECLARED_SELECTOR = YES;
				GCC_WARN_UNINITIALIZED_AUTOS = YES_AGGRESSIVE;
				GCC_WARN_UNUSED_FUNCTION = YES;
				GCC_WARN_UNUSED_VARIABLE = YES;
				IPHONEOS_DEPLOYMENT_TARGET = 15.5;
				MTL_ENABLE_DEBUG_INFO = INCLUDE_SOURCE;
				MTL_FAST_MATH = YES;
				ONLY_ACTIVE_ARCH = YES;
				SDKROOT = iphoneos;
				SWIFT_ACTIVE_COMPILATION_CONDITIONS = DEBUG;
				SWIFT_OPTIMIZATION_LEVEL = "-Onone";
			};
			name = Debug;
		};
		EAEDE34B286315B20009C60B /* Release */ = {
			isa = XCBuildConfiguration;
			buildSettings = {
				ALWAYS_SEARCH_USER_PATHS = NO;
				CLANG_ANALYZER_NONNULL = YES;
				CLANG_ANALYZER_NUMBER_OBJECT_CONVERSION = YES_AGGRESSIVE;
				CLANG_CXX_LANGUAGE_STANDARD = "gnu++17";
				CLANG_ENABLE_MODULES = YES;
				CLANG_ENABLE_OBJC_ARC = YES;
				CLANG_ENABLE_OBJC_WEAK = YES;
				CLANG_WARN_BLOCK_CAPTURE_AUTORELEASING = YES;
				CLANG_WARN_BOOL_CONVERSION = YES;
				CLANG_WARN_COMMA = YES;
				CLANG_WARN_CONSTANT_CONVERSION = YES;
				CLANG_WARN_DEPRECATED_OBJC_IMPLEMENTATIONS = YES;
				CLANG_WARN_DIRECT_OBJC_ISA_USAGE = YES_ERROR;
				CLANG_WARN_DOCUMENTATION_COMMENTS = YES;
				CLANG_WARN_EMPTY_BODY = YES;
				CLANG_WARN_ENUM_CONVERSION = YES;
				CLANG_WARN_INFINITE_RECURSION = YES;
				CLANG_WARN_INT_CONVERSION = YES;
				CLANG_WARN_NON_LITERAL_NULL_CONVERSION = YES;
				CLANG_WARN_OBJC_IMPLICIT_RETAIN_SELF = YES;
				CLANG_WARN_OBJC_LITERAL_CONVERSION = YES;
				CLANG_WARN_OBJC_ROOT_CLASS = YES_ERROR;
				CLANG_WARN_QUOTED_INCLUDE_IN_FRAMEWORK_HEADER = YES;
				CLANG_WARN_RANGE_LOOP_ANALYSIS = YES;
				CLANG_WARN_STRICT_PROTOTYPES = YES;
				CLANG_WARN_SUSPICIOUS_MOVE = YES;
				CLANG_WARN_UNGUARDED_AVAILABILITY = YES_AGGRESSIVE;
				CLANG_WARN_UNREACHABLE_CODE = YES;
				CLANG_WARN__DUPLICATE_METHOD_MATCH = YES;
				COPY_PHASE_STRIP = NO;
				DEBUG_INFORMATION_FORMAT = "dwarf-with-dsym";
				ENABLE_NS_ASSERTIONS = NO;
				ENABLE_STRICT_OBJC_MSGSEND = YES;
				GCC_C_LANGUAGE_STANDARD = gnu11;
				GCC_NO_COMMON_BLOCKS = YES;
				GCC_WARN_64_TO_32_BIT_CONVERSION = YES;
				GCC_WARN_ABOUT_RETURN_TYPE = YES_ERROR;
				GCC_WARN_UNDECLARED_SELECTOR = YES;
				GCC_WARN_UNINITIALIZED_AUTOS = YES_AGGRESSIVE;
				GCC_WARN_UNUSED_FUNCTION = YES;
				GCC_WARN_UNUSED_VARIABLE = YES;
				IPHONEOS_DEPLOYMENT_TARGET = 15.5;
				MTL_ENABLE_DEBUG_INFO = NO;
				MTL_FAST_MATH = YES;
				SDKROOT = iphoneos;
				SWIFT_COMPILATION_MODE = wholemodule;
				SWIFT_OPTIMIZATION_LEVEL = "-O";
				VALIDATE_PRODUCT = YES;
			};
			name = Release;
		};
		EAEDE34D286315B20009C60B /* Debug */ = {
			isa = XCBuildConfiguration;
			baseConfigurationReference = B7D0A776E8654A0F81955820 /* Pods-MySchedule.debug.xcconfig */;
			buildSettings = {
				ASSETCATALOG_COMPILER_APPICON_NAME = AppIcon;
				ASSETCATALOG_COMPILER_GLOBAL_ACCENT_COLOR_NAME = AccentColor;
				CODE_SIGN_STYLE = Automatic;
				CURRENT_PROJECT_VERSION = 1;
				DEVELOPMENT_TEAM = UAQSFNBTZ6;
				GENERATE_INFOPLIST_FILE = YES;
				INFOPLIST_FILE = MySchedule/Resources/Info.plist;
				INFOPLIST_KEY_UIApplicationSupportsIndirectInputEvents = YES;
				INFOPLIST_KEY_UILaunchStoryboardName = LaunchScreen;
				INFOPLIST_KEY_UISupportedInterfaceOrientations_iPad = "UIInterfaceOrientationPortrait UIInterfaceOrientationPortraitUpsideDown UIInterfaceOrientationLandscapeLeft UIInterfaceOrientationLandscapeRight";
				INFOPLIST_KEY_UISupportedInterfaceOrientations_iPhone = "UIInterfaceOrientationPortrait UIInterfaceOrientationLandscapeLeft UIInterfaceOrientationLandscapeRight";
				LD_RUNPATH_SEARCH_PATHS = (
					"$(inherited)",
					"@executable_path/Frameworks",
				);
				MARKETING_VERSION = 1.0;
				PRODUCT_BUNDLE_IDENTIFIER = "-.MySchedule";
				PRODUCT_NAME = "$(TARGET_NAME)";
				SWIFT_EMIT_LOC_STRINGS = YES;
				SWIFT_VERSION = 5.0;
				TARGETED_DEVICE_FAMILY = "1,2";
			};
			name = Debug;
		};
		EAEDE34E286315B20009C60B /* Release */ = {
			isa = XCBuildConfiguration;
			baseConfigurationReference = 07608BC68663E752B47BEC48 /* Pods-MySchedule.release.xcconfig */;
			buildSettings = {
				ASSETCATALOG_COMPILER_APPICON_NAME = AppIcon;
				ASSETCATALOG_COMPILER_GLOBAL_ACCENT_COLOR_NAME = AccentColor;
				CODE_SIGN_STYLE = Automatic;
				CURRENT_PROJECT_VERSION = 1;
				DEVELOPMENT_TEAM = UAQSFNBTZ6;
				GENERATE_INFOPLIST_FILE = YES;
				INFOPLIST_FILE = MySchedule/Resources/Info.plist;
				INFOPLIST_KEY_UIApplicationSupportsIndirectInputEvents = YES;
				INFOPLIST_KEY_UILaunchStoryboardName = LaunchScreen;
				INFOPLIST_KEY_UISupportedInterfaceOrientations_iPad = "UIInterfaceOrientationPortrait UIInterfaceOrientationPortraitUpsideDown UIInterfaceOrientationLandscapeLeft UIInterfaceOrientationLandscapeRight";
				INFOPLIST_KEY_UISupportedInterfaceOrientations_iPhone = "UIInterfaceOrientationPortrait UIInterfaceOrientationLandscapeLeft UIInterfaceOrientationLandscapeRight";
				LD_RUNPATH_SEARCH_PATHS = (
					"$(inherited)",
					"@executable_path/Frameworks",
				);
				MARKETING_VERSION = 1.0;
				PRODUCT_BUNDLE_IDENTIFIER = "-.MySchedule";
				PRODUCT_NAME = "$(TARGET_NAME)";
				SWIFT_EMIT_LOC_STRINGS = YES;
				SWIFT_VERSION = 5.0;
				TARGETED_DEVICE_FAMILY = "1,2";
			};
			name = Release;
		};
/* End XCBuildConfiguration section */

/* Begin XCConfigurationList section */
		EAEDE333286315B10009C60B /* Build configuration list for PBXProject "MySchedule" */ = {
			isa = XCConfigurationList;
			buildConfigurations = (
				EAEDE34A286315B20009C60B /* Debug */,
				EAEDE34B286315B20009C60B /* Release */,
			);
			defaultConfigurationIsVisible = 0;
			defaultConfigurationName = Release;
		};
		EAEDE34C286315B20009C60B /* Build configuration list for PBXNativeTarget "MySchedule" */ = {
			isa = XCConfigurationList;
			buildConfigurations = (
				EAEDE34D286315B20009C60B /* Debug */,
				EAEDE34E286315B20009C60B /* Release */,
			);
			defaultConfigurationIsVisible = 0;
			defaultConfigurationName = Release;
		};
/* End XCConfigurationList section */
	};
	rootObject = EAEDE330286315B10009C60B /* Project object */;
}
